// !$*UTF8*$!
{
	archiveVersion = 1;
	classes = {
	};
	objectVersion = 46;
	objects = {

/* Begin PBXBuildFile section */
		060CF1901F20373C00767734 /* AAPLCameraViewController.swift in Sources */ = {isa = PBXBuildFile; fileRef = 060CF18E1F20373C00767734 /* AAPLCameraViewController.swift */; };
		060CF1911F20373C00767734 /* AAPLPreviewView.swift in Sources */ = {isa = PBXBuildFile; fileRef = 060CF18F1F20373C00767734 /* AAPLPreviewView.swift */; };
		060CF1961F2037C900767734 /* PhotoCaptureDelegate.swift in Sources */ = {isa = PBXBuildFile; fileRef = 060CF1951F2037C900767734 /* PhotoCaptureDelegate.swift */; };
		0667DFC11F21CFD800C94147 /* RoundedButton.swift in Sources */ = {isa = PBXBuildFile; fileRef = 0667DFC01F21CFD800C94147 /* RoundedButton.swift */; };
		06BF4E411F20203C0001BD3C /* AppDelegate.swift in Sources */ = {isa = PBXBuildFile; fileRef = 06BF4E401F20203C0001BD3C /* AppDelegate.swift */; };
		06BF4E431F20203C0001BD3C /* CameraVC.swift in Sources */ = {isa = PBXBuildFile; fileRef = 06BF4E421F20203C0001BD3C /* CameraVC.swift */; };
		06BF4E461F20203C0001BD3C /* Main.storyboard in Resources */ = {isa = PBXBuildFile; fileRef = 06BF4E441F20203C0001BD3C /* Main.storyboard */; };
		06BF4E481F20203C0001BD3C /* Assets.xcassets in Resources */ = {isa = PBXBuildFile; fileRef = 06BF4E471F20203C0001BD3C /* Assets.xcassets */; };
		06BF4E4B1F20203C0001BD3C /* LaunchScreen.storyboard in Resources */ = {isa = PBXBuildFile; fileRef = 06BF4E491F20203C0001BD3C /* LaunchScreen.storyboard */; };
		06BF4E561F20203C0001BD3C /* PictChatTests.swift in Sources */ = {isa = PBXBuildFile; fileRef = 06BF4E551F20203C0001BD3C /* PictChatTests.swift */; };
		06BF4E611F20203C0001BD3C /* PictChatUITests.swift in Sources */ = {isa = PBXBuildFile; fileRef = 06BF4E601F20203C0001BD3C /* PictChatUITests.swift */; };
		06D161C21F22ACED00B467E1 /* LoginVC.swift in Sources */ = {isa = PBXBuildFile; fileRef = 06D161C11F22ACED00B467E1 /* LoginVC.swift */; };
		06D161C51F22B25800B467E1 /* AuthService.swift in Sources */ = {isa = PBXBuildFile; fileRef = 06D161C41F22B25800B467E1 /* AuthService.swift */; };
		06D161C71F22BFDF00B467E1 /* DataService.swift in Sources */ = {isa = PBXBuildFile; fileRef = 06D161C61F22BFDF00B467E1 /* DataService.swift */; };
		06D161C91F22C3CA00B467E1 /* UsersVC.swift in Sources */ = {isa = PBXBuildFile; fileRef = 06D161C81F22C3CA00B467E1 /* UsersVC.swift */; };
		06D161CB1F22C6FF00B467E1 /* UserCell.swift in Sources */ = {isa = PBXBuildFile; fileRef = 06D161CA1F22C6FF00B467E1 /* UserCell.swift */; };
		06D161CD1F22D3FE00B467E1 /* User.swift in Sources */ = {isa = PBXBuildFile; fileRef = 06D161CC1F22D3FE00B467E1 /* User.swift */; };
		06D161CF1F22DF8100B467E1 /* AAPLCameraVCDelegate.swift in Sources */ = {isa = PBXBuildFile; fileRef = 06D161CE1F22DF8100B467E1 /* AAPLCameraVCDelegate.swift */; };
		06DA22A01F21874A003BD7ED /* GoogleService-Info.plist in Resources */ = {isa = PBXBuildFile; fileRef = 06DA229F1F21874A003BD7ED /* GoogleService-Info.plist */; };
		06FA2C9D1F21C2F00044ED97 /* RoundTextField.swift in Sources */ = {isa = PBXBuildFile; fileRef = 06FA2C9C1F21C2F00044ED97 /* RoundTextField.swift */; };
		10D94192E597A1917EB516AB /* Pods_PictChatTests.framework in Frameworks */ = {isa = PBXBuildFile; fileRef = DAEFABE9258D749C861F1716 /* Pods_PictChatTests.framework */; };
		4DC9FB0AD7082C19409D3520 /* Pods_PictChat.framework in Frameworks */ = {isa = PBXBuildFile; fileRef = 73328B298062F397512C1C35 /* Pods_PictChat.framework */; };
		D0CF1B6DFC9F4ADB980FFCEC /* Pods_PictChatUITests.framework in Frameworks */ = {isa = PBXBuildFile; fileRef = 7E09FC3B6997AD8525225267 /* Pods_PictChatUITests.framework */; };
/* End PBXBuildFile section */

/* Begin PBXContainerItemProxy section */
		06BF4E521F20203C0001BD3C /* PBXContainerItemProxy */ = {
			isa = PBXContainerItemProxy;
			containerPortal = 06BF4E351F20203C0001BD3C /* Project object */;
			proxyType = 1;
			remoteGlobalIDString = 06BF4E3C1F20203C0001BD3C;
			remoteInfo = PictChat;
		};
		06BF4E5D1F20203C0001BD3C /* PBXContainerItemProxy */ = {
			isa = PBXContainerItemProxy;
			containerPortal = 06BF4E351F20203C0001BD3C /* Project object */;
			proxyType = 1;
			remoteGlobalIDString = 06BF4E3C1F20203C0001BD3C;
			remoteInfo = PictChat;
		};
/* End PBXContainerItemProxy section */

/* Begin PBXFileReference section */
		060CF18E1F20373C00767734 /* AAPLCameraViewController.swift */ = {isa = PBXFileReference; fileEncoding = 4; lastKnownFileType = sourcecode.swift; path = AAPLCameraViewController.swift; sourceTree = "<group>"; };
		060CF18F1F20373C00767734 /* AAPLPreviewView.swift */ = {isa = PBXFileReference; fileEncoding = 4; lastKnownFileType = sourcecode.swift; path = AAPLPreviewView.swift; sourceTree = "<group>"; };
		060CF1951F2037C900767734 /* PhotoCaptureDelegate.swift */ = {isa = PBXFileReference; fileEncoding = 4; lastKnownFileType = sourcecode.swift; path = PhotoCaptureDelegate.swift; sourceTree = "<group>"; };
		0667DFC01F21CFD800C94147 /* RoundedButton.swift */ = {isa = PBXFileReference; fileEncoding = 4; lastKnownFileType = sourcecode.swift; path = RoundedButton.swift; sourceTree = "<group>"; };
		06BF4E3D1F20203C0001BD3C /* PictChat.app */ = {isa = PBXFileReference; explicitFileType = wrapper.application; includeInIndex = 0; path = PictChat.app; sourceTree = BUILT_PRODUCTS_DIR; };
		06BF4E401F20203C0001BD3C /* AppDelegate.swift */ = {isa = PBXFileReference; lastKnownFileType = sourcecode.swift; path = AppDelegate.swift; sourceTree = "<group>"; };
		06BF4E421F20203C0001BD3C /* CameraVC.swift */ = {isa = PBXFileReference; lastKnownFileType = sourcecode.swift; path = CameraVC.swift; sourceTree = "<group>"; };
		06BF4E451F20203C0001BD3C /* Base */ = {isa = PBXFileReference; lastKnownFileType = file.storyboard; name = Base; path = Base.lproj/Main.storyboard; sourceTree = "<group>"; };
		06BF4E471F20203C0001BD3C /* Assets.xcassets */ = {isa = PBXFileReference; lastKnownFileType = folder.assetcatalog; path = Assets.xcassets; sourceTree = "<group>"; };
		06BF4E4A1F20203C0001BD3C /* Base */ = {isa = PBXFileReference; lastKnownFileType = file.storyboard; name = Base; path = Base.lproj/LaunchScreen.storyboard; sourceTree = "<group>"; };
		06BF4E4C1F20203C0001BD3C /* Info.plist */ = {isa = PBXFileReference; lastKnownFileType = text.plist.xml; path = Info.plist; sourceTree = "<group>"; };
		06BF4E511F20203C0001BD3C /* PictChatTests.xctest */ = {isa = PBXFileReference; explicitFileType = wrapper.cfbundle; includeInIndex = 0; path = PictChatTests.xctest; sourceTree = BUILT_PRODUCTS_DIR; };
		06BF4E551F20203C0001BD3C /* PictChatTests.swift */ = {isa = PBXFileReference; lastKnownFileType = sourcecode.swift; path = PictChatTests.swift; sourceTree = "<group>"; };
		06BF4E571F20203C0001BD3C /* Info.plist */ = {isa = PBXFileReference; lastKnownFileType = text.plist.xml; path = Info.plist; sourceTree = "<group>"; };
		06BF4E5C1F20203C0001BD3C /* PictChatUITests.xctest */ = {isa = PBXFileReference; explicitFileType = wrapper.cfbundle; includeInIndex = 0; path = PictChatUITests.xctest; sourceTree = BUILT_PRODUCTS_DIR; };
		06BF4E601F20203C0001BD3C /* PictChatUITests.swift */ = {isa = PBXFileReference; lastKnownFileType = sourcecode.swift; path = PictChatUITests.swift; sourceTree = "<group>"; };
		06BF4E621F20203C0001BD3C /* Info.plist */ = {isa = PBXFileReference; lastKnownFileType = text.plist.xml; path = Info.plist; sourceTree = "<group>"; };
		06D161C11F22ACED00B467E1 /* LoginVC.swift */ = {isa = PBXFileReference; fileEncoding = 4; lastKnownFileType = sourcecode.swift; path = LoginVC.swift; sourceTree = "<group>"; };
		06D161C41F22B25800B467E1 /* AuthService.swift */ = {isa = PBXFileReference; fileEncoding = 4; lastKnownFileType = sourcecode.swift; path = AuthService.swift; sourceTree = "<group>"; };
		06D161C61F22BFDF00B467E1 /* DataService.swift */ = {isa = PBXFileReference; fileEncoding = 4; lastKnownFileType = sourcecode.swift; path = DataService.swift; sourceTree = "<group>"; };
		06D161C81F22C3CA00B467E1 /* UsersVC.swift */ = {isa = PBXFileReference; fileEncoding = 4; lastKnownFileType = sourcecode.swift; path = UsersVC.swift; sourceTree = "<group>"; };
		06D161CA1F22C6FF00B467E1 /* UserCell.swift */ = {isa = PBXFileReference; fileEncoding = 4; lastKnownFileType = sourcecode.swift; path = UserCell.swift; sourceTree = "<group>"; };
		06D161CC1F22D3FE00B467E1 /* User.swift */ = {isa = PBXFileReference; fileEncoding = 4; lastKnownFileType = sourcecode.swift; path = User.swift; sourceTree = "<group>"; };
		06D161CE1F22DF8100B467E1 /* AAPLCameraVCDelegate.swift */ = {isa = PBXFileReference; fileEncoding = 4; lastKnownFileType = sourcecode.swift; path = AAPLCameraVCDelegate.swift; sourceTree = "<group>"; };
		06DA229F1F21874A003BD7ED /* GoogleService-Info.plist */ = {isa = PBXFileReference; fileEncoding = 4; lastKnownFileType = text.plist.xml; path = "GoogleService-Info.plist"; sourceTree = "<group>"; };
		06FA2C9C1F21C2F00044ED97 /* RoundTextField.swift */ = {isa = PBXFileReference; fileEncoding = 4; lastKnownFileType = sourcecode.swift; path = RoundTextField.swift; sourceTree = "<group>"; };
		4300268DD5BCB2A5D49E43D1 /* Pods-PictChatTests.release.xcconfig */ = {isa = PBXFileReference; includeInIndex = 1; lastKnownFileType = text.xcconfig; name = "Pods-PictChatTests.release.xcconfig"; path = "Pods/Target Support Files/Pods-PictChatTests/Pods-PictChatTests.release.xcconfig"; sourceTree = "<group>"; };
		446BC496AB957181DD7521AC /* Pods-PictChatTests.debug.xcconfig */ = {isa = PBXFileReference; includeInIndex = 1; lastKnownFileType = text.xcconfig; name = "Pods-PictChatTests.debug.xcconfig"; path = "Pods/Target Support Files/Pods-PictChatTests/Pods-PictChatTests.debug.xcconfig"; sourceTree = "<group>"; };
		54D7DCE694B8CFE171E989A1 /* Pods-PictChatUITests.release.xcconfig */ = {isa = PBXFileReference; includeInIndex = 1; lastKnownFileType = text.xcconfig; name = "Pods-PictChatUITests.release.xcconfig"; path = "Pods/Target Support Files/Pods-PictChatUITests/Pods-PictChatUITests.release.xcconfig"; sourceTree = "<group>"; };
		73328B298062F397512C1C35 /* Pods_PictChat.framework */ = {isa = PBXFileReference; explicitFileType = wrapper.framework; includeInIndex = 0; path = Pods_PictChat.framework; sourceTree = BUILT_PRODUCTS_DIR; };
		75EBE435467D012628521C1E /* Pods-PictChat.release.xcconfig */ = {isa = PBXFileReference; includeInIndex = 1; lastKnownFileType = text.xcconfig; name = "Pods-PictChat.release.xcconfig"; path = "Pods/Target Support Files/Pods-PictChat/Pods-PictChat.release.xcconfig"; sourceTree = "<group>"; };
		77556204A3FC9712D664D342 /* Pods-PictChat.debug.xcconfig */ = {isa = PBXFileReference; includeInIndex = 1; lastKnownFileType = text.xcconfig; name = "Pods-PictChat.debug.xcconfig"; path = "Pods/Target Support Files/Pods-PictChat/Pods-PictChat.debug.xcconfig"; sourceTree = "<group>"; };
		7E09FC3B6997AD8525225267 /* Pods_PictChatUITests.framework */ = {isa = PBXFileReference; explicitFileType = wrapper.framework; includeInIndex = 0; path = Pods_PictChatUITests.framework; sourceTree = BUILT_PRODUCTS_DIR; };
		93E0F27A7D11D574A31FF071 /* Pods-PictChatUITests.debug.xcconfig */ = {isa = PBXFileReference; includeInIndex = 1; lastKnownFileType = text.xcconfig; name = "Pods-PictChatUITests.debug.xcconfig"; path = "Pods/Target Support Files/Pods-PictChatUITests/Pods-PictChatUITests.debug.xcconfig"; sourceTree = "<group>"; };
		DAEFABE9258D749C861F1716 /* Pods_PictChatTests.framework */ = {isa = PBXFileReference; explicitFileType = wrapper.framework; includeInIndex = 0; path = Pods_PictChatTests.framework; sourceTree = BUILT_PRODUCTS_DIR; };
/* End PBXFileReference section */

/* Begin PBXFrameworksBuildPhase section */
		06BF4E3A1F20203C0001BD3C /* Frameworks */ = {
			isa = PBXFrameworksBuildPhase;
			buildActionMask = 2147483647;
			files = (
				4DC9FB0AD7082C19409D3520 /* Pods_PictChat.framework in Frameworks */,
			);
			runOnlyForDeploymentPostprocessing = 0;
		};
		06BF4E4E1F20203C0001BD3C /* Frameworks */ = {
			isa = PBXFrameworksBuildPhase;
			buildActionMask = 2147483647;
			files = (
				10D94192E597A1917EB516AB /* Pods_PictChatTests.framework in Frameworks */,
			);
			runOnlyForDeploymentPostprocessing = 0;
		};
		06BF4E591F20203C0001BD3C /* Frameworks */ = {
			isa = PBXFrameworksBuildPhase;
			buildActionMask = 2147483647;
			files = (
				D0CF1B6DFC9F4ADB980FFCEC /* Pods_PictChatUITests.framework in Frameworks */,
			);
			runOnlyForDeploymentPostprocessing = 0;
		};
/* End PBXFrameworksBuildPhase section */

/* Begin PBXGroup section */
		060CF1921F20374000767734 /* Model */ = {
			isa = PBXGroup;
			children = (
				06D161CC1F22D3FE00B467E1 /* User.swift */,
			);
			name = Model;
			sourceTree = "<group>";
		};
		060CF1931F20374A00767734 /* View */ = {
			isa = PBXGroup;
			children = (
				060CF18F1F20373C00767734 /* AAPLPreviewView.swift */,
				06FA2C9C1F21C2F00044ED97 /* RoundTextField.swift */,
				0667DFC01F21CFD800C94147 /* RoundedButton.swift */,
				06D161CA1F22C6FF00B467E1 /* UserCell.swift */,
			);
			name = View;
			sourceTree = "<group>";
		};
		060CF1941F20375000767734 /* Controller */ = {
			isa = PBXGroup;
			children = (
				06D161C11F22ACED00B467E1 /* LoginVC.swift */,
				06BF4E421F20203C0001BD3C /* CameraVC.swift */,
				060CF18E1F20373C00767734 /* AAPLCameraViewController.swift */,
				06D161C81F22C3CA00B467E1 /* UsersVC.swift */,
			);
			name = Controller;
			sourceTree = "<group>";
		};
		060CF19A1F21693800767734 /* Protocols */ = {
			isa = PBXGroup;
			children = (
				06D161CE1F22DF8100B467E1 /* AAPLCameraVCDelegate.swift */,
			);
			name = Protocols;
			sourceTree = "<group>";
		};
		06BF4E341F20203C0001BD3C = {
			isa = PBXGroup;
			children = (
				06BF4E3F1F20203C0001BD3C /* PictChat */,
				06BF4E541F20203C0001BD3C /* PictChatTests */,
				06BF4E5F1F20203C0001BD3C /* PictChatUITests */,
				06BF4E3E1F20203C0001BD3C /* Products */,
				60961F2ED4216EEF55583AF1 /* Pods */,
				B35D87A166936CCF94386467 /* Frameworks */,
			);
			sourceTree = "<group>";
		};
		06BF4E3E1F20203C0001BD3C /* Products */ = {
			isa = PBXGroup;
			children = (
				06BF4E3D1F20203C0001BD3C /* PictChat.app */,
				06BF4E511F20203C0001BD3C /* PictChatTests.xctest */,
				06BF4E5C1F20203C0001BD3C /* PictChatUITests.xctest */,
			);
			name = Products;
			sourceTree = "<group>";
		};
		06BF4E3F1F20203C0001BD3C /* PictChat */ = {
			isa = PBXGroup;
			children = (
				06D161C31F22B24200B467E1 /* Services */,
				060CF19A1F21693800767734 /* Protocols */,
				060CF1941F20375000767734 /* Controller */,
				060CF1931F20374A00767734 /* View */,
				060CF1921F20374000767734 /* Model */,
				060CF1951F2037C900767734 /* PhotoCaptureDelegate.swift */,
				06BF4E401F20203C0001BD3C /* AppDelegate.swift */,
				06BF4E441F20203C0001BD3C /* Main.storyboard */,
				06BF4E471F20203C0001BD3C /* Assets.xcassets */,
				06BF4E491F20203C0001BD3C /* LaunchScreen.storyboard */,
				06BF4E4C1F20203C0001BD3C /* Info.plist */,
				06DA229F1F21874A003BD7ED /* GoogleService-Info.plist */,
			);
			path = PictChat;
			sourceTree = "<group>";
		};
		06BF4E541F20203C0001BD3C /* PictChatTests */ = {
			isa = PBXGroup;
			children = (
				06BF4E551F20203C0001BD3C /* PictChatTests.swift */,
				06BF4E571F20203C0001BD3C /* Info.plist */,
			);
			path = PictChatTests;
			sourceTree = "<group>";
		};
		06BF4E5F1F20203C0001BD3C /* PictChatUITests */ = {
			isa = PBXGroup;
			children = (
				06BF4E601F20203C0001BD3C /* PictChatUITests.swift */,
				06BF4E621F20203C0001BD3C /* Info.plist */,
			);
			path = PictChatUITests;
			sourceTree = "<group>";
		};
		06D161C31F22B24200B467E1 /* Services */ = {
			isa = PBXGroup;
			children = (
				06D161C41F22B25800B467E1 /* AuthService.swift */,
				06D161C61F22BFDF00B467E1 /* DataService.swift */,
			);
			name = Services;
			sourceTree = "<group>";
		};
		60961F2ED4216EEF55583AF1 /* Pods */ = {
			isa = PBXGroup;
			children = (
				77556204A3FC9712D664D342 /* Pods-PictChat.debug.xcconfig */,
				75EBE435467D012628521C1E /* Pods-PictChat.release.xcconfig */,
				446BC496AB957181DD7521AC /* Pods-PictChatTests.debug.xcconfig */,
				4300268DD5BCB2A5D49E43D1 /* Pods-PictChatTests.release.xcconfig */,
				93E0F27A7D11D574A31FF071 /* Pods-PictChatUITests.debug.xcconfig */,
				54D7DCE694B8CFE171E989A1 /* Pods-PictChatUITests.release.xcconfig */,
			);
			name = Pods;
			sourceTree = "<group>";
		};
		B35D87A166936CCF94386467 /* Frameworks */ = {
			isa = PBXGroup;
			children = (
				73328B298062F397512C1C35 /* Pods_PictChat.framework */,
				DAEFABE9258D749C861F1716 /* Pods_PictChatTests.framework */,
				7E09FC3B6997AD8525225267 /* Pods_PictChatUITests.framework */,
			);
			name = Frameworks;
			sourceTree = "<group>";
		};
/* End PBXGroup section */

/* Begin PBXNativeTarget section */
		06BF4E3C1F20203C0001BD3C /* PictChat */ = {
			isa = PBXNativeTarget;
			buildConfigurationList = 06BF4E651F20203C0001BD3C /* Build configuration list for PBXNativeTarget "PictChat" */;
			buildPhases = (
				06F324FA39C2B77D2E16AC1D /* [CP] Check Pods Manifest.lock */,
				06BF4E391F20203C0001BD3C /* Sources */,
				06BF4E3A1F20203C0001BD3C /* Frameworks */,
				06BF4E3B1F20203C0001BD3C /* Resources */,
				65897AC9D0DE4D5838FEA1E7 /* [CP] Embed Pods Frameworks */,
				639E8862CBEC9E70C310EC7D /* [CP] Copy Pods Resources */,
			);
			buildRules = (
			);
			dependencies = (
			);
			name = PictChat;
			productName = PictChat;
			productReference = 06BF4E3D1F20203C0001BD3C /* PictChat.app */;
			productType = "com.apple.product-type.application";
		};
		06BF4E501F20203C0001BD3C /* PictChatTests */ = {
			isa = PBXNativeTarget;
			buildConfigurationList = 06BF4E681F20203C0001BD3C /* Build configuration list for PBXNativeTarget "PictChatTests" */;
			buildPhases = (
				FBA598A9AD4E5361330B23EE /* [CP] Check Pods Manifest.lock */,
				06BF4E4D1F20203C0001BD3C /* Sources */,
				06BF4E4E1F20203C0001BD3C /* Frameworks */,
				06BF4E4F1F20203C0001BD3C /* Resources */,
				79F558E88CC79C2D5D5AFAF8 /* [CP] Embed Pods Frameworks */,
				2D7EA1E7AA6299685EEF3B28 /* [CP] Copy Pods Resources */,
			);
			buildRules = (
			);
			dependencies = (
				06BF4E531F20203C0001BD3C /* PBXTargetDependency */,
			);
			name = PictChatTests;
			productName = PictChatTests;
			productReference = 06BF4E511F20203C0001BD3C /* PictChatTests.xctest */;
			productType = "com.apple.product-type.bundle.unit-test";
		};
		06BF4E5B1F20203C0001BD3C /* PictChatUITests */ = {
			isa = PBXNativeTarget;
			buildConfigurationList = 06BF4E6B1F20203C0001BD3C /* Build configuration list for PBXNativeTarget "PictChatUITests" */;
			buildPhases = (
				14501D78B3B196B51CEA5526 /* [CP] Check Pods Manifest.lock */,
				06BF4E581F20203C0001BD3C /* Sources */,
				06BF4E591F20203C0001BD3C /* Frameworks */,
				06BF4E5A1F20203C0001BD3C /* Resources */,
				289615A2A2793C7CB3C657F0 /* [CP] Embed Pods Frameworks */,
				624F633D993F30CEA90F0A33 /* [CP] Copy Pods Resources */,
			);
			buildRules = (
			);
			dependencies = (
				06BF4E5E1F20203C0001BD3C /* PBXTargetDependency */,
			);
			name = PictChatUITests;
			productName = PictChatUITests;
			productReference = 06BF4E5C1F20203C0001BD3C /* PictChatUITests.xctest */;
			productType = "com.apple.product-type.bundle.ui-testing";
		};
/* End PBXNativeTarget section */

/* Begin PBXProject section */
		06BF4E351F20203C0001BD3C /* Project object */ = {
			isa = PBXProject;
			attributes = {
				LastSwiftUpdateCheck = 0830;
				LastUpgradeCheck = 0830;
				TargetAttributes = {
					06BF4E3C1F20203C0001BD3C = {
						CreatedOnToolsVersion = 8.3.3;
						DevelopmentTeam = JMD8Z549B7;
						ProvisioningStyle = Automatic;
					};
					06BF4E501F20203C0001BD3C = {
						CreatedOnToolsVersion = 8.3.3;
						DevelopmentTeam = JMD8Z549B7;
						ProvisioningStyle = Automatic;
						TestTargetID = 06BF4E3C1F20203C0001BD3C;
					};
					06BF4E5B1F20203C0001BD3C = {
						CreatedOnToolsVersion = 8.3.3;
						DevelopmentTeam = JMD8Z549B7;
						ProvisioningStyle = Automatic;
						TestTargetID = 06BF4E3C1F20203C0001BD3C;
					};
				};
			};
			buildConfigurationList = 06BF4E381F20203C0001BD3C /* Build configuration list for PBXProject "PictChat" */;
			compatibilityVersion = "Xcode 3.2";
			developmentRegion = English;
			hasScannedForEncodings = 0;
			knownRegions = (
				en,
				Base,
			);
			mainGroup = 06BF4E341F20203C0001BD3C;
			productRefGroup = 06BF4E3E1F20203C0001BD3C /* Products */;
			projectDirPath = "";
			projectRoot = "";
			targets = (
				06BF4E3C1F20203C0001BD3C /* PictChat */,
				06BF4E501F20203C0001BD3C /* PictChatTests */,
				06BF4E5B1F20203C0001BD3C /* PictChatUITests */,
			);
		};
/* End PBXProject section */

/* Begin PBXResourcesBuildPhase section */
		06BF4E3B1F20203C0001BD3C /* Resources */ = {
			isa = PBXResourcesBuildPhase;
			buildActionMask = 2147483647;
			files = (
				06BF4E4B1F20203C0001BD3C /* LaunchScreen.storyboard in Resources */,
				06DA22A01F21874A003BD7ED /* GoogleService-Info.plist in Resources */,
				06BF4E481F20203C0001BD3C /* Assets.xcassets in Resources */,
				06BF4E461F20203C0001BD3C /* Main.storyboard in Resources */,
			);
			runOnlyForDeploymentPostprocessing = 0;
		};
		06BF4E4F1F20203C0001BD3C /* Resources */ = {
			isa = PBXResourcesBuildPhase;
			buildActionMask = 2147483647;
			files = (
			);
			runOnlyForDeploymentPostprocessing = 0;
		};
		06BF4E5A1F20203C0001BD3C /* Resources */ = {
			isa = PBXResourcesBuildPhase;
			buildActionMask = 2147483647;
			files = (
			);
			runOnlyForDeploymentPostprocessing = 0;
		};
/* End PBXResourcesBuildPhase section */

/* Begin PBXShellScriptBuildPhase section */
		06F324FA39C2B77D2E16AC1D /* [CP] Check Pods Manifest.lock */ = {
			isa = PBXShellScriptBuildPhase;
			buildActionMask = 2147483647;
			files = (
			);
			inputPaths = (
			);
			name = "[CP] Check Pods Manifest.lock";
			outputPaths = (
			);
			runOnlyForDeploymentPostprocessing = 0;
			shellPath = /bin/sh;
			shellScript = "diff \"${PODS_PODFILE_DIR_PATH}/Podfile.lock\" \"${PODS_ROOT}/Manifest.lock\" > /dev/null\nif [ $? != 0 ] ; then\n    # print error to STDERR\n    echo \"error: The sandbox is not in sync with the Podfile.lock. Run 'pod install' or update your CocoaPods installation.\" >&2\n    exit 1\nfi\n";
			showEnvVarsInLog = 0;
		};
		14501D78B3B196B51CEA5526 /* [CP] Check Pods Manifest.lock */ = {
			isa = PBXShellScriptBuildPhase;
			buildActionMask = 2147483647;
			files = (
			);
			inputPaths = (
			);
			name = "[CP] Check Pods Manifest.lock";
			outputPaths = (
			);
			runOnlyForDeploymentPostprocessing = 0;
			shellPath = /bin/sh;
			shellScript = "diff \"${PODS_PODFILE_DIR_PATH}/Podfile.lock\" \"${PODS_ROOT}/Manifest.lock\" > /dev/null\nif [ $? != 0 ] ; then\n    # print error to STDERR\n    echo \"error: The sandbox is not in sync with the Podfile.lock. Run 'pod install' or update your CocoaPods installation.\" >&2\n    exit 1\nfi\n";
			showEnvVarsInLog = 0;
		};
		289615A2A2793C7CB3C657F0 /* [CP] Embed Pods Frameworks */ = {
			isa = PBXShellScriptBuildPhase;
			buildActionMask = 2147483647;
			files = (
			);
			inputPaths = (
			);
			name = "[CP] Embed Pods Frameworks";
			outputPaths = (
			);
			runOnlyForDeploymentPostprocessing = 0;
			shellPath = /bin/sh;
			shellScript = "\"${SRCROOT}/Pods/Target Support Files/Pods-PictChatUITests/Pods-PictChatUITests-frameworks.sh\"\n";
			showEnvVarsInLog = 0;
		};
		2D7EA1E7AA6299685EEF3B28 /* [CP] Copy Pods Resources */ = {
			isa = PBXShellScriptBuildPhase;
			buildActionMask = 2147483647;
			files = (
			);
			inputPaths = (
			);
			name = "[CP] Copy Pods Resources";
			outputPaths = (
			);
			runOnlyForDeploymentPostprocessing = 0;
			shellPath = /bin/sh;
			shellScript = "\"${SRCROOT}/Pods/Target Support Files/Pods-PictChatTests/Pods-PictChatTests-resources.sh\"\n";
			showEnvVarsInLog = 0;
		};
		624F633D993F30CEA90F0A33 /* [CP] Copy Pods Resources */ = {
			isa = PBXShellScriptBuildPhase;
			buildActionMask = 2147483647;
			files = (
			);
			inputPaths = (
			);
			name = "[CP] Copy Pods Resources";
			outputPaths = (
			);
			runOnlyForDeploymentPostprocessing = 0;
			shellPath = /bin/sh;
			shellScript = "\"${SRCROOT}/Pods/Target Support Files/Pods-PictChatUITests/Pods-PictChatUITests-resources.sh\"\n";
			showEnvVarsInLog = 0;
		};
		639E8862CBEC9E70C310EC7D /* [CP] Copy Pods Resources */ = {
			isa = PBXShellScriptBuildPhase;
			buildActionMask = 2147483647;
			files = (
			);
			inputPaths = (
			);
			name = "[CP] Copy Pods Resources";
			outputPaths = (
			);
			runOnlyForDeploymentPostprocessing = 0;
			shellPath = /bin/sh;
			shellScript = "\"${SRCROOT}/Pods/Target Support Files/Pods-PictChat/Pods-PictChat-resources.sh\"\n";
			showEnvVarsInLog = 0;
		};
		65897AC9D0DE4D5838FEA1E7 /* [CP] Embed Pods Frameworks */ = {
			isa = PBXShellScriptBuildPhase;
			buildActionMask = 2147483647;
			files = (
			);
			inputPaths = (
			);
			name = "[CP] Embed Pods Frameworks";
			outputPaths = (
			);
			runOnlyForDeploymentPostprocessing = 0;
			shellPath = /bin/sh;
			shellScript = "\"${SRCROOT}/Pods/Target Support Files/Pods-PictChat/Pods-PictChat-frameworks.sh\"\n";
			showEnvVarsInLog = 0;
		};
		79F558E88CC79C2D5D5AFAF8 /* [CP] Embed Pods Frameworks */ = {
			isa = PBXShellScriptBuildPhase;
			buildActionMask = 2147483647;
			files = (
			);
			inputPaths = (
			);
			name = "[CP] Embed Pods Frameworks";
			outputPaths = (
			);
			runOnlyForDeploymentPostprocessing = 0;
			shellPath = /bin/sh;
			shellScript = "\"${SRCROOT}/Pods/Target Support Files/Pods-PictChatTests/Pods-PictChatTests-frameworks.sh\"\n";
			showEnvVarsInLog = 0;
		};
		FBA598A9AD4E5361330B23EE /* [CP] Check Pods Manifest.lock */ = {
			isa = PBXShellScriptBuildPhase;
			buildActionMask = 2147483647;
			files = (
			);
			inputPaths = (
			);
			name = "[CP] Check Pods Manifest.lock";
			outputPaths = (
			);
			runOnlyForDeploymentPostprocessing = 0;
			shellPath = /bin/sh;
			shellScript = "diff \"${PODS_PODFILE_DIR_PATH}/Podfile.lock\" \"${PODS_ROOT}/Manifest.lock\" > /dev/null\nif [ $? != 0 ] ; then\n    # print error to STDERR\n    echo \"error: The sandbox is not in sync with the Podfile.lock. Run 'pod install' or update your CocoaPods installation.\" >&2\n    exit 1\nfi\n";
			showEnvVarsInLog = 0;
		};
/* End PBXShellScriptBuildPhase section */

/* Begin PBXSourcesBuildPhase section */
		06BF4E391F20203C0001BD3C /* Sources */ = {
			isa = PBXSourcesBuildPhase;
			buildActionMask = 2147483647;
			files = (
				06D161CD1F22D3FE00B467E1 /* User.swift in Sources */,
				06BF4E431F20203C0001BD3C /* CameraVC.swift in Sources */,
				060CF1911F20373C00767734 /* AAPLPreviewView.swift in Sources */,
				06D161C21F22ACED00B467E1 /* LoginVC.swift in Sources */,
				06D161C51F22B25800B467E1 /* AuthService.swift in Sources */,
				06BF4E411F20203C0001BD3C /* AppDelegate.swift in Sources */,
				060CF1961F2037C900767734 /* PhotoCaptureDelegate.swift in Sources */,
				0667DFC11F21CFD800C94147 /* RoundedButton.swift in Sources */,
				06FA2C9D1F21C2F00044ED97 /* RoundTextField.swift in Sources */,
				06D161CB1F22C6FF00B467E1 /* UserCell.swift in Sources */,
				06D161CF1F22DF8100B467E1 /* AAPLCameraVCDelegate.swift in Sources */,
				06D161C91F22C3CA00B467E1 /* UsersVC.swift in Sources */,
				060CF1901F20373C00767734 /* AAPLCameraViewController.swift in Sources */,
				06D161C71F22BFDF00B467E1 /* DataService.swift in Sources */,
			);
			runOnlyForDeploymentPostprocessing = 0;
		};
		06BF4E4D1F20203C0001BD3C /* Sources */ = {
			isa = PBXSourcesBuildPhase;
			buildActionMask = 2147483647;
			files = (
				06BF4E561F20203C0001BD3C /* PictChatTests.swift in Sources */,
			);
			runOnlyForDeploymentPostprocessing = 0;
		};
		06BF4E581F20203C0001BD3C /* Sources */ = {
			isa = PBXSourcesBuildPhase;
			buildActionMask = 2147483647;
			files = (
				06BF4E611F20203C0001BD3C /* PictChatUITests.swift in Sources */,
			);
			runOnlyForDeploymentPostprocessing = 0;
		};
/* End PBXSourcesBuildPhase section */

/* Begin PBXTargetDependency section */
		06BF4E531F20203C0001BD3C /* PBXTargetDependency */ = {
			isa = PBXTargetDependency;
			target = 06BF4E3C1F20203C0001BD3C /* PictChat */;
			targetProxy = 06BF4E521F20203C0001BD3C /* PBXContainerItemProxy */;
		};
		06BF4E5E1F20203C0001BD3C /* PBXTargetDependency */ = {
			isa = PBXTargetDependency;
			target = 06BF4E3C1F20203C0001BD3C /* PictChat */;
			targetProxy = 06BF4E5D1F20203C0001BD3C /* PBXContainerItemProxy */;
		};
/* End PBXTargetDependency section */

/* Begin PBXVariantGroup section */
		06BF4E441F20203C0001BD3C /* Main.storyboard */ = {
			isa = PBXVariantGroup;
			children = (
				06BF4E451F20203C0001BD3C /* Base */,
			);
			name = Main.storyboard;
			sourceTree = "<group>";
		};
		06BF4E491F20203C0001BD3C /* LaunchScreen.storyboard */ = {
			isa = PBXVariantGroup;
			children = (
				06BF4E4A1F20203C0001BD3C /* Base */,
			);
			name = LaunchScreen.storyboard;
			sourceTree = "<group>";
		};
/* End PBXVariantGroup section */

/* Begin XCBuildConfiguration section */
		06BF4E631F20203C0001BD3C /* Debug */ = {
			isa = XCBuildConfiguration;
			buildSettings = {
				ALWAYS_SEARCH_USER_PATHS = NO;
				CLANG_ANALYZER_NONNULL = YES;
				CLANG_ANALYZER_NUMBER_OBJECT_CONVERSION = YES_AGGRESSIVE;
				CLANG_CXX_LANGUAGE_STANDARD = "gnu++0x";
				CLANG_CXX_LIBRARY = "libc++";
				CLANG_ENABLE_MODULES = YES;
				CLANG_ENABLE_OBJC_ARC = YES;
				CLANG_WARN_BOOL_CONVERSION = YES;
				CLANG_WARN_CONSTANT_CONVERSION = YES;
				CLANG_WARN_DIRECT_OBJC_ISA_USAGE = YES_ERROR;
				CLANG_WARN_DOCUMENTATION_COMMENTS = YES;
				CLANG_WARN_EMPTY_BODY = YES;
				CLANG_WARN_ENUM_CONVERSION = YES;
				CLANG_WARN_INFINITE_RECURSION = YES;
				CLANG_WARN_INT_CONVERSION = YES;
				CLANG_WARN_OBJC_ROOT_CLASS = YES_ERROR;
				CLANG_WARN_SUSPICIOUS_MOVE = YES;
				CLANG_WARN_UNREACHABLE_CODE = YES;
				CLANG_WARN__DUPLICATE_METHOD_MATCH = YES;
				"CODE_SIGN_IDENTITY[sdk=iphoneos*]" = "iPhone Developer";
				COPY_PHASE_STRIP = NO;
				DEBUG_INFORMATION_FORMAT = dwarf;
				ENABLE_STRICT_OBJC_MSGSEND = YES;
				ENABLE_TESTABILITY = YES;
				GCC_C_LANGUAGE_STANDARD = gnu99;
				GCC_DYNAMIC_NO_PIC = NO;
				GCC_NO_COMMON_BLOCKS = YES;
				GCC_OPTIMIZATION_LEVEL = 0;
				GCC_PREPROCESSOR_DEFINITIONS = (
					"DEBUG=1",
					"$(inherited)",
				);
				GCC_WARN_64_TO_32_BIT_CONVERSION = YES;
				GCC_WARN_ABOUT_RETURN_TYPE = YES_ERROR;
				GCC_WARN_UNDECLARED_SELECTOR = YES;
				GCC_WARN_UNINITIALIZED_AUTOS = YES_AGGRESSIVE;
				GCC_WARN_UNUSED_FUNCTION = YES;
				GCC_WARN_UNUSED_VARIABLE = YES;
				IPHONEOS_DEPLOYMENT_TARGET = 10.3;
				MTL_ENABLE_DEBUG_INFO = YES;
				ONLY_ACTIVE_ARCH = YES;
				SDKROOT = iphoneos;
				SWIFT_ACTIVE_COMPILATION_CONDITIONS = DEBUG;
				SWIFT_OPTIMIZATION_LEVEL = "-Onone";
				TARGETED_DEVICE_FAMILY = "1,2";
			};
			name = Debug;
		};
		06BF4E641F20203C0001BD3C /* Release */ = {
			isa = XCBuildConfiguration;
			buildSettings = {
				ALWAYS_SEARCH_USER_PATHS = NO;
				CLANG_ANALYZER_NONNULL = YES;
				CLANG_ANALYZER_NUMBER_OBJECT_CONVERSION = YES_AGGRESSIVE;
				CLANG_CXX_LANGUAGE_STANDARD = "gnu++0x";
				CLANG_CXX_LIBRARY = "libc++";
				CLANG_ENABLE_MODULES = YES;
				CLANG_ENABLE_OBJC_ARC = YES;
				CLANG_WARN_BOOL_CONVERSION = YES;
				CLANG_WARN_CONSTANT_CONVERSION = YES;
				CLANG_WARN_DIRECT_OBJC_ISA_USAGE = YES_ERROR;
				CLANG_WARN_DOCUMENTATION_COMMENTS = YES;
				CLANG_WARN_EMPTY_BODY = YES;
				CLANG_WARN_ENUM_CONVERSION = YES;
				CLANG_WARN_INFINITE_RECURSION = YES;
				CLANG_WARN_INT_CONVERSION = YES;
				CLANG_WARN_OBJC_ROOT_CLASS = YES_ERROR;
				CLANG_WARN_SUSPICIOUS_MOVE = YES;
				CLANG_WARN_UNREACHABLE_CODE = YES;
				CLANG_WARN__DUPLICATE_METHOD_MATCH = YES;
				"CODE_SIGN_IDENTITY[sdk=iphoneos*]" = "iPhone Developer";
				COPY_PHASE_STRIP = NO;
				DEBUG_INFORMATION_FORMAT = "dwarf-with-dsym";
				ENABLE_NS_ASSERTIONS = NO;
				ENABLE_STRICT_OBJC_MSGSEND = YES;
				GCC_C_LANGUAGE_STANDARD = gnu99;
				GCC_NO_COMMON_BLOCKS = YES;
				GCC_WARN_64_TO_32_BIT_CONVERSION = YES;
				GCC_WARN_ABOUT_RETURN_TYPE = YES_ERROR;
				GCC_WARN_UNDECLARED_SELECTOR = YES;
				GCC_WARN_UNINITIALIZED_AUTOS = YES_AGGRESSIVE;
				GCC_WARN_UNUSED_FUNCTION = YES;
				GCC_WARN_UNUSED_VARIABLE = YES;
				IPHONEOS_DEPLOYMENT_TARGET = 10.3;
				MTL_ENABLE_DEBUG_INFO = NO;
				SDKROOT = iphoneos;
				SWIFT_OPTIMIZATION_LEVEL = "-Owholemodule";
				TARGETED_DEVICE_FAMILY = "1,2";
				VALIDATE_PRODUCT = YES;
			};
			name = Release;
		};
		06BF4E661F20203C0001BD3C /* Debug */ = {
			isa = XCBuildConfiguration;
			baseConfigurationReference = 77556204A3FC9712D664D342 /* Pods-PictChat.debug.xcconfig */;
			buildSettings = {
				ASSETCATALOG_COMPILER_APPICON_NAME = AppIcon;
				DEVELOPMENT_TEAM = JMD8Z549B7;
				INFOPLIST_FILE = PictChat/Info.plist;
				LD_RUNPATH_SEARCH_PATHS = "$(inherited) @executable_path/Frameworks";
				PRODUCT_BUNDLE_IDENTIFIER = us.frarredo.PictChat;
				PRODUCT_NAME = "$(TARGET_NAME)";
				SWIFT_VERSION = 3.0;
			};
			name = Debug;
		};
		06BF4E671F20203C0001BD3C /* Release */ = {
			isa = XCBuildConfiguration;
			baseConfigurationReference = 75EBE435467D012628521C1E /* Pods-PictChat.release.xcconfig */;
			buildSettings = {
				ASSETCATALOG_COMPILER_APPICON_NAME = AppIcon;
				DEVELOPMENT_TEAM = JMD8Z549B7;
				INFOPLIST_FILE = PictChat/Info.plist;
				LD_RUNPATH_SEARCH_PATHS = "$(inherited) @executable_path/Frameworks";
				PRODUCT_BUNDLE_IDENTIFIER = us.frarredo.PictChat;
				PRODUCT_NAME = "$(TARGET_NAME)";
				SWIFT_VERSION = 3.0;
			};
			name = Release;
		};
		06BF4E691F20203C0001BD3C /* Debug */ = {
			isa = XCBuildConfiguration;
			baseConfigurationReference = 446BC496AB957181DD7521AC /* Pods-PictChatTests.debug.xcconfig */;
			buildSettings = {
				ALWAYS_EMBED_SWIFT_STANDARD_LIBRARIES = YES;
				BUNDLE_LOADER = "$(TEST_HOST)";
				DEVELOPMENT_TEAM = JMD8Z549B7;
				INFOPLIST_FILE = PictChatTests/Info.plist;
				LD_RUNPATH_SEARCH_PATHS = "$(inherited) @executable_path/Frameworks @loader_path/Frameworks";
				PRODUCT_BUNDLE_IDENTIFIER = us.frarredo.PictChatTests;
				PRODUCT_NAME = "$(TARGET_NAME)";
				SWIFT_VERSION = 3.0;
				TEST_HOST = "$(BUILT_PRODUCTS_DIR)/PictChat.app/PictChat";
			};
			name = Debug;
		};
		06BF4E6A1F20203C0001BD3C /* Release */ = {
			isa = XCBuildConfiguration;
			baseConfigurationReference = 4300268DD5BCB2A5D49E43D1 /* Pods-PictChatTests.release.xcconfig */;
			buildSettings = {
				ALWAYS_EMBED_SWIFT_STANDARD_LIBRARIES = YES;
				BUNDLE_LOADER = "$(TEST_HOST)";
				DEVELOPMENT_TEAM = JMD8Z549B7;
				INFOPLIST_FILE = PictChatTests/Info.plist;
				LD_RUNPATH_SEARCH_PATHS = "$(inherited) @executable_path/Frameworks @loader_path/Frameworks";
				PRODUCT_BUNDLE_IDENTIFIER = us.frarredo.PictChatTests;
				PRODUCT_NAME = "$(TARGET_NAME)";
				SWIFT_VERSION = 3.0;
				TEST_HOST = "$(BUILT_PRODUCTS_DIR)/PictChat.app/PictChat";
			};
			name = Release;
		};
		06BF4E6C1F20203C0001BD3C /* Debug */ = {
			isa = XCBuildConfiguration;
			baseConfigurationReference = 93E0F27A7D11D574A31FF071 /* Pods-PictChatUITests.debug.xcconfig */;
			buildSettings = {
				ALWAYS_EMBED_SWIFT_STANDARD_LIBRARIES = YES;
				DEVELOPMENT_TEAM = JMD8Z549B7;
				INFOPLIST_FILE = PictChatUITests/Info.plist;
				LD_RUNPATH_SEARCH_PATHS = "$(inherited) @executable_path/Frameworks @loader_path/Frameworks";
				PRODUCT_BUNDLE_IDENTIFIER = us.frarredo.PictChatUITests;
				PRODUCT_NAME = "$(TARGET_NAME)";
				SWIFT_VERSION = 3.0;
				TEST_TARGET_NAME = PictChat;
			};
			name = Debug;
		};
		06BF4E6D1F20203C0001BD3C /* Release */ = {
			isa = XCBuildConfiguration;
			baseConfigurationReference = 54D7DCE694B8CFE171E989A1 /* Pods-PictChatUITests.release.xcconfig */;
			buildSettings = {
				ALWAYS_EMBED_SWIFT_STANDARD_LIBRARIES = YES;
				DEVELOPMENT_TEAM = JMD8Z549B7;
				INFOPLIST_FILE = PictChatUITests/Info.plist;
				LD_RUNPATH_SEARCH_PATHS = "$(inherited) @executable_path/Frameworks @loader_path/Frameworks";
				PRODUCT_BUNDLE_IDENTIFIER = us.frarredo.PictChatUITests;
				PRODUCT_NAME = "$(TARGET_NAME)";
				SWIFT_VERSION = 3.0;
				TEST_TARGET_NAME = PictChat;
			};
			name = Release;
		};
/* End XCBuildConfiguration section */

/* Begin XCConfigurationList section */
		06BF4E381F20203C0001BD3C /* Build configuration list for PBXProject "PictChat" */ = {
			isa = XCConfigurationList;
			buildConfigurations = (
				06BF4E631F20203C0001BD3C /* Debug */,
				06BF4E641F20203C0001BD3C /* Release */,
			);
			defaultConfigurationIsVisible = 0;
			defaultConfigurationName = Release;
		};
		06BF4E651F20203C0001BD3C /* Build configuration list for PBXNativeTarget "PictChat" */ = {
			isa = XCConfigurationList;
			buildConfigurations = (
				06BF4E661F20203C0001BD3C /* Debug */,
				06BF4E671F20203C0001BD3C /* Release */,
			);
			defaultConfigurationIsVisible = 0;
			defaultConfigurationName = Release;
		};
		06BF4E681F20203C0001BD3C /* Build configuration list for PBXNativeTarget "PictChatTests" */ = {
			isa = XCConfigurationList;
			buildConfigurations = (
				06BF4E691F20203C0001BD3C /* Debug */,
				06BF4E6A1F20203C0001BD3C /* Release */,
			);
			defaultConfigurationIsVisible = 0;
			defaultConfigurationName = Release;
		};
		06BF4E6B1F20203C0001BD3C /* Build configuration list for PBXNativeTarget "PictChatUITests" */ = {
			isa = XCConfigurationList;
			buildConfigurations = (
				06BF4E6C1F20203C0001BD3C /* Debug */,
				06BF4E6D1F20203C0001BD3C /* Release */,
			);
			defaultConfigurationIsVisible = 0;
			defaultConfigurationName = Release;
		};
/* End XCConfigurationList section */
	};
	rootObject = 06BF4E351F20203C0001BD3C /* Project object */;
}
